
Microsoft Visual Studio Solution File, Format Version 12.00
# Visual Studio Version 17
VisualStudioVersion = 17.4.33122.133
MinimumVisualStudioVersion = 10.0.40219.1
Project("{9A19103F-16F7-4668-BE54-9A1E7A4F7556}") = "Assembly-CSharp", "Assembly-CSharp.csproj", "{EFDC53E2-EE6F-4B50-B434-AEFC41DBEE36}"
EndProject
Global
	GlobalSection(SolutionConfigurationPlatforms) = preSolution
		Debug|Any CPU = Debug|Any CPU
		Release|Any CPU = Release|Any CPU
	EndGlobalSection
	GlobalSection(ProjectConfigurationPlatforms) = postSolution
		{EFDC53E2-EE6F-4B50-B434-AEFC41DBEE36}.Debug|Any CPU.ActiveCfg = Debug|Any CPU
		{EFDC53E2-EE6F-4B50-B434-AEFC41DBEE36}.Debug|Any CPU.Build.0 = Debug|Any CPU
		{EFDC53E2-EE6F-4B50-B434-AEFC41DBEE36}.Release|Any CPU.ActiveCfg = Release|Any CPU
		{EFDC53E2-EE6F-4B50-B434-AEFC41DBEE36}.Release|Any CPU.Build.0 = Release|Any CPU
	EndGlobalSection
	GlobalSection(SolutionProperties) = preSolution
		HideSolutionNode = FALSE
	EndGlobalSection
	GlobalSection(ExtensibilityGlobals) = postSolution
		SolutionGuid = {178C77ED-B376-4320-8CB7-D3304C91A1F1}
	EndGlobalSection
EndGlobal
